
Microsoft Visual Studio Solution File, Format Version 12.00
# Visual Studio 14
VisualStudioVersion = 14.0.24720.0
MinimumVisualStudioVersion = 10.0.40219.1
Project("{FAE04EC0-301F-11D3-BF4B-00C04F79EFBC}") = "Gestty.Droid", "Gestty\Gestty.Droid\Gestty.Droid.csproj", "{73BA114C-E10F-4A7C-8254-371BC5A9BFEA}"
EndProject
Project("{FAE04EC0-301F-11D3-BF4B-00C04F79EFBC}") = "Gestty.iOS", "Gestty\Gestty.iOS\Gestty.iOS.csproj", "{1334BD04-45DC-4BF2-8A4D-19BDDFDD6502}"
EndProject
Project("{FAE04EC0-301F-11D3-BF4B-00C04F79EFBC}") = "Gestty", "Gestty\Gestty\Gestty.csproj", "{38581CBE-8A6D-4B4F-8FF5-8D47A6988B7C}"
EndProject
Project("{FAE04EC0-301F-11D3-BF4B-00C04F79EFBC}") = "DesktopTestApp", "DesktopTestApp\DesktopTestApp.csproj", "{B94A1794-69D3-47C5-9E79-D84BDBD7BADC}"
EndProject
Project("{FAE04EC0-301F-11D3-BF4B-00C04F79EFBC}") = "GoogleApi", "CalendApi\GoogleApi.csproj", "{A2303603-5642-42BA-B206-A9102B7ED981}"
EndProject
Global
	GlobalSection(SolutionConfigurationPlatforms) = preSolution
		Ad-Hoc|Any CPU = Ad-Hoc|Any CPU
		Ad-Hoc|iPhone = Ad-Hoc|iPhone
		Ad-Hoc|iPhoneSimulator = Ad-Hoc|iPhoneSimulator
		AppStore|Any CPU = AppStore|Any CPU
		AppStore|iPhone = AppStore|iPhone
		AppStore|iPhoneSimulator = AppStore|iPhoneSimulator
		Debug|Any CPU = Debug|Any CPU
		Debug|iPhone = Debug|iPhone
		Debug|iPhoneSimulator = Debug|iPhoneSimulator
		Release|Any CPU = Release|Any CPU
		Release|iPhone = Release|iPhone
		Release|iPhoneSimulator = Release|iPhoneSimulator
	EndGlobalSection
	GlobalSection(ProjectConfigurationPlatforms) = postSolution
		{73BA114C-E10F-4A7C-8254-371BC5A9BFEA}.Ad-Hoc|Any CPU.ActiveCfg = Release|Any CPU
		{73BA114C-E10F-4A7C-8254-371BC5A9BFEA}.Ad-Hoc|Any CPU.Build.0 = Release|Any CPU
		{73BA114C-E10F-4A7C-8254-371BC5A9BFEA}.Ad-Hoc|Any CPU.Deploy.0 = Release|Any CPU
		{73BA114C-E10F-4A7C-8254-371BC5A9BFEA}.Ad-Hoc|iPhone.ActiveCfg = Release|Any CPU
		{73BA114C-E10F-4A7C-8254-371BC5A9BFEA}.Ad-Hoc|iPhone.Build.0 = Release|Any CPU
		{73BA114C-E10F-4A7C-8254-371BC5A9BFEA}.Ad-Hoc|iPhone.Deploy.0 = Release|Any CPU
		{73BA114C-E10F-4A7C-8254-371BC5A9BFEA}.Ad-Hoc|iPhoneSimulator.ActiveCfg = Release|Any CPU
		{73BA114C-E10F-4A7C-8254-371BC5A9BFEA}.Ad-Hoc|iPhoneSimulator.Build.0 = Release|Any CPU
		{73BA114C-E10F-4A7C-8254-371BC5A9BFEA}.Ad-Hoc|iPhoneSimulator.Deploy.0 = Release|Any CPU
		{73BA114C-E10F-4A7C-8254-371BC5A9BFEA}.AppStore|Any CPU.ActiveCfg = Release|Any CPU
		{73BA114C-E10F-4A7C-8254-371BC5A9BFEA}.AppStore|Any CPU.Build.0 = Release|Any CPU
		{73BA114C-E10F-4A7C-8254-371BC5A9BFEA}.AppStore|Any CPU.Deploy.0 = Release|Any CPU
		{73BA114C-E10F-4A7C-8254-371BC5A9BFEA}.AppStore|iPhone.ActiveCfg = Release|Any CPU
		{73BA114C-E10F-4A7C-8254-371BC5A9BFEA}.AppStore|iPhone.Build.0 = Release|Any CPU
		{73BA114C-E10F-4A7C-8254-371BC5A9BFEA}.AppStore|iPhone.Deploy.0 = Release|Any CPU
		{73BA114C-E10F-4A7C-8254-371BC5A9BFEA}.AppStore|iPhoneSimulator.ActiveCfg = Release|Any CPU
		{73BA114C-E10F-4A7C-8254-371BC5A9BFEA}.AppStore|iPhoneSimulator.Build.0 = Release|Any CPU
		{73BA114C-E10F-4A7C-8254-371BC5A9BFEA}.AppStore|iPhoneSimulator.Deploy.0 = Release|Any CPU
		{73BA114C-E10F-4A7C-8254-371BC5A9BFEA}.Debug|Any CPU.ActiveCfg = Debug|Any CPU
		{73BA114C-E10F-4A7C-8254-371BC5A9BFEA}.Debug|Any CPU.Build.0 = Debug|Any CPU
		{73BA114C-E10F-4A7C-8254-371BC5A9BFEA}.Debug|Any CPU.Deploy.0 = Debug|Any CPU
		{73BA114C-E10F-4A7C-8254-371BC5A9BFEA}.Debug|iPhone.ActiveCfg = Debug|Any CPU
		{73BA114C-E10F-4A7C-8254-371BC5A9BFEA}.Debug|iPhone.Build.0 = Debug|Any CPU
		{73BA114C-E10F-4A7C-8254-371BC5A9BFEA}.Debug|iPhone.Deploy.0 = Debug|Any CPU
		{73BA114C-E10F-4A7C-8254-371BC5A9BFEA}.Debug|iPhoneSimulator.ActiveCfg = Debug|Any CPU
		{73BA114C-E10F-4A7C-8254-371BC5A9BFEA}.Debug|iPhoneSimulator.Build.0 = Debug|Any CPU
		{73BA114C-E10F-4A7C-8254-371BC5A9BFEA}.Debug|iPhoneSimulator.Deploy.0 = Debug|Any CPU
		{73BA114C-E10F-4A7C-8254-371BC5A9BFEA}.Release|Any CPU.ActiveCfg = Release|Any CPU
		{73BA114C-E10F-4A7C-8254-371BC5A9BFEA}.Release|Any CPU.Build.0 = Release|Any CPU
		{73BA114C-E10F-4A7C-8254-371BC5A9BFEA}.Release|Any CPU.Deploy.0 = Release|Any CPU
		{73BA114C-E10F-4A7C-8254-371BC5A9BFEA}.Release|iPhone.ActiveCfg = Release|Any CPU
		{73BA114C-E10F-4A7C-8254-371BC5A9BFEA}.Release|iPhone.Build.0 = Release|Any CPU
		{73BA114C-E10F-4A7C-8254-371BC5A9BFEA}.Release|iPhone.Deploy.0 = Release|Any CPU
		{73BA114C-E10F-4A7C-8254-371BC5A9BFEA}.Release|iPhoneSimulator.ActiveCfg = Release|Any CPU
		{73BA114C-E10F-4A7C-8254-371BC5A9BFEA}.Release|iPhoneSimulator.Build.0 = Release|Any CPU
		{73BA114C-E10F-4A7C-8254-371BC5A9BFEA}.Release|iPhoneSimulator.Deploy.0 = Release|Any CPU
		{1334BD04-45DC-4BF2-8A4D-19BDDFDD6502}.Ad-Hoc|Any CPU.ActiveCfg = Ad-Hoc|iPhone
		{1334BD04-45DC-4BF2-8A4D-19BDDFDD6502}.Ad-Hoc|iPhone.ActiveCfg = Ad-Hoc|iPhone
		{1334BD04-45DC-4BF2-8A4D-19BDDFDD6502}.Ad-Hoc|iPhone.Build.0 = Ad-Hoc|iPhone
		{1334BD04-45DC-4BF2-8A4D-19BDDFDD6502}.Ad-Hoc|iPhoneSimulator.ActiveCfg = Ad-Hoc|iPhoneSimulator
		{1334BD04-45DC-4BF2-8A4D-19BDDFDD6502}.Ad-Hoc|iPhoneSimulator.Build.0 = Ad-Hoc|iPhoneSimulator
		{1334BD04-45DC-4BF2-8A4D-19BDDFDD6502}.AppStore|Any CPU.ActiveCfg = AppStore|iPhone
		{1334BD04-45DC-4BF2-8A4D-19BDDFDD6502}.AppStore|iPhone.ActiveCfg = AppStore|iPhone
		{1334BD04-45DC-4BF2-8A4D-19BDDFDD6502}.AppStore|iPhone.Build.0 = AppStore|iPhone
		{1334BD04-45DC-4BF2-8A4D-19BDDFDD6502}.AppStore|iPhoneSimulator.ActiveCfg = AppStore|iPhoneSimulator
		{1334BD04-45DC-4BF2-8A4D-19BDDFDD6502}.AppStore|iPhoneSimulator.Build.0 = AppStore|iPhoneSimulator
		{1334BD04-45DC-4BF2-8A4D-19BDDFDD6502}.Debug|Any CPU.ActiveCfg = Debug|iPhone
		{1334BD04-45DC-4BF2-8A4D-19BDDFDD6502}.Debug|iPhone.ActiveCfg = Debug|iPhone
		{1334BD04-45DC-4BF2-8A4D-19BDDFDD6502}.Debug|iPhone.Build.0 = Debug|iPhone
		{1334BD04-45DC-4BF2-8A4D-19BDDFDD6502}.Debug|iPhoneSimulator.ActiveCfg = Debug|iPhoneSimulator
		{1334BD04-45DC-4BF2-8A4D-19BDDFDD6502}.Debug|iPhoneSimulator.Build.0 = Debug|iPhoneSimulator
		{1334BD04-45DC-4BF2-8A4D-19BDDFDD6502}.Release|Any CPU.ActiveCfg = Release|iPhone
		{1334BD04-45DC-4BF2-8A4D-19BDDFDD6502}.Release|iPhone.ActiveCfg = Release|iPhone
		{1334BD04-45DC-4BF2-8A4D-19BDDFDD6502}.Release|iPhone.Build.0 = Release|iPhone
		{1334BD04-45DC-4BF2-8A4D-19BDDFDD6502}.Release|iPhoneSimulator.ActiveCfg = Release|iPhoneSimulator
		{1334BD04-45DC-4BF2-8A4D-19BDDFDD6502}.Release|iPhoneSimulator.Build.0 = Release|iPhoneSimulator
		{38581CBE-8A6D-4B4F-8FF5-8D47A6988B7C}.Ad-Hoc|Any CPU.ActiveCfg = Release|Any CPU
		{38581CBE-8A6D-4B4F-8FF5-8D47A6988B7C}.Ad-Hoc|Any CPU.Build.0 = Release|Any CPU
		{38581CBE-8A6D-4B4F-8FF5-8D47A6988B7C}.Ad-Hoc|iPhone.ActiveCfg = Release|Any CPU
		{38581CBE-8A6D-4B4F-8FF5-8D47A6988B7C}.Ad-Hoc|iPhone.Build.0 = Release|Any CPU
		{38581CBE-8A6D-4B4F-8FF5-8D47A6988B7C}.Ad-Hoc|iPhoneSimulator.ActiveCfg = Release|Any CPU
		{38581CBE-8A6D-4B4F-8FF5-8D47A6988B7C}.Ad-Hoc|iPhoneSimulator.Build.0 = Release|Any CPU
		{38581CBE-8A6D-4B4F-8FF5-8D47A6988B7C}.AppStore|Any CPU.ActiveCfg = Release|Any CPU
		{38581CBE-8A6D-4B4F-8FF5-8D47A6988B7C}.AppStore|Any CPU.Build.0 = Release|Any CPU
		{38581CBE-8A6D-4B4F-8FF5-8D47A6988B7C}.AppStore|iPhone.ActiveCfg = Release|Any CPU
		{38581CBE-8A6D-4B4F-8FF5-8D47A6988B7C}.AppStore|iPhone.Build.0 = Release|Any CPU
		{38581CBE-8A6D-4B4F-8FF5-8D47A6988B7C}.AppStore|iPhoneSimulator.ActiveCfg = Release|Any CPU
		{38581CBE-8A6D-4B4F-8FF5-8D47A6988B7C}.AppStore|iPhoneSimulator.Build.0 = Release|Any CPU
		{38581CBE-8A6D-4B4F-8FF5-8D47A6988B7C}.Debug|Any CPU.ActiveCfg = Debug|Any CPU
		{38581CBE-8A6D-4B4F-8FF5-8D47A6988B7C}.Debug|Any CPU.Build.0 = Debug|Any CPU
		{38581CBE-8A6D-4B4F-8FF5-8D47A6988B7C}.Debug|iPhone.ActiveCfg = Debug|Any CPU
		{38581CBE-8A6D-4B4F-8FF5-8D47A6988B7C}.Debug|iPhone.Build.0 = Debug|Any CPU
		{38581CBE-8A6D-4B4F-8FF5-8D47A6988B7C}.Debug|iPhoneSimulator.ActiveCfg = Debug|Any CPU
		{38581CBE-8A6D-4B4F-8FF5-8D47A6988B7C}.Debug|iPhoneSimulator.Build.0 = Debug|Any CPU
		{38581CBE-8A6D-4B4F-8FF5-8D47A6988B7C}.Release|Any CPU.ActiveCfg = Release|Any CPU
		{38581CBE-8A6D-4B4F-8FF5-8D47A6988B7C}.Release|Any CPU.Build.0 = Release|Any CPU
		{38581CBE-8A6D-4B4F-8FF5-8D47A6988B7C}.Release|iPhone.ActiveCfg = Release|Any CPU
		{38581CBE-8A6D-4B4F-8FF5-8D47A6988B7C}.Release|iPhone.Build.0 = Release|Any CPU
		{38581CBE-8A6D-4B4F-8FF5-8D47A6988B7C}.Release|iPhoneSimulator.ActiveCfg = Release|Any CPU
		{38581CBE-8A6D-4B4F-8FF5-8D47A6988B7C}.Release|iPhoneSimulator.Build.0 = Release|Any CPU
		{B94A1794-69D3-47C5-9E79-D84BDBD7BADC}.Ad-Hoc|Any CPU.ActiveCfg = Release|Any CPU
		{B94A1794-69D3-47C5-9E79-D84BDBD7BADC}.Ad-Hoc|Any CPU.Build.0 = Release|Any CPU
		{B94A1794-69D3-47C5-9E79-D84BDBD7BADC}.Ad-Hoc|iPhone.ActiveCfg = Release|Any CPU
		{B94A1794-69D3-47C5-9E79-D84BDBD7BADC}.Ad-Hoc|iPhone.Build.0 = Release|Any CPU
		{B94A1794-69D3-47C5-9E79-D84BDBD7BADC}.Ad-Hoc|iPhoneSimulator.ActiveCfg = Release|Any CPU
		{B94A1794-69D3-47C5-9E79-D84BDBD7BADC}.Ad-Hoc|iPhoneSimulator.Build.0 = Release|Any CPU
		{B94A1794-69D3-47C5-9E79-D84BDBD7BADC}.AppStore|Any CPU.ActiveCfg = Release|Any CPU
		{B94A1794-69D3-47C5-9E79-D84BDBD7BADC}.AppStore|Any CPU.Build.0 = Release|Any CPU
		{B94A1794-69D3-47C5-9E79-D84BDBD7BADC}.AppStore|iPhone.ActiveCfg = Release|Any CPU
		{B94A1794-69D3-47C5-9E79-D84BDBD7BADC}.AppStore|iPhone.Build.0 = Release|Any CPU
		{B94A1794-69D3-47C5-9E79-D84BDBD7BADC}.AppStore|iPhoneSimulator.ActiveCfg = Release|Any CPU
		{B94A1794-69D3-47C5-9E79-D84BDBD7BADC}.AppStore|iPhoneSimulator.Build.0 = Release|Any CPU
		{B94A1794-69D3-47C5-9E79-D84BDBD7BADC}.Debug|Any CPU.ActiveCfg = Debug|Any CPU
		{B94A1794-69D3-47C5-9E79-D84BDBD7BADC}.Debug|Any CPU.Build.0 = Debug|Any CPU
		{B94A1794-69D3-47C5-9E79-D84BDBD7BADC}.Debug|iPhone.ActiveCfg = Debug|Any CPU
		{B94A1794-69D3-47C5-9E79-D84BDBD7BADC}.Debug|iPhone.Build.0 = Debug|Any CPU
		{B94A1794-69D3-47C5-9E79-D84BDBD7BADC}.Debug|iPhoneSimulator.ActiveCfg = Debug|Any CPU
		{B94A1794-69D3-47C5-9E79-D84BDBD7BADC}.Debug|iPhoneSimulator.Build.0 = Debug|Any CPU
		{B94A1794-69D3-47C5-9E79-D84BDBD7BADC}.Release|Any CPU.ActiveCfg = Release|Any CPU
		{B94A1794-69D3-47C5-9E79-D84BDBD7BADC}.Release|Any CPU.Build.0 = Release|Any CPU
		{B94A1794-69D3-47C5-9E79-D84BDBD7BADC}.Release|iPhone.ActiveCfg = Release|Any CPU
		{B94A1794-69D3-47C5-9E79-D84BDBD7BADC}.Release|iPhone.Build.0 = Release|Any CPU
		{B94A1794-69D3-47C5-9E79-D84BDBD7BADC}.Release|iPhoneSimulator.ActiveCfg = Release|Any CPU
		{B94A1794-69D3-47C5-9E79-D84BDBD7BADC}.Release|iPhoneSimulator.Build.0 = Release|Any CPU
		{A2303603-5642-42BA-B206-A9102B7ED981}.Ad-Hoc|Any CPU.ActiveCfg = Release|Any CPU
		{A2303603-5642-42BA-B206-A9102B7ED981}.Ad-Hoc|Any CPU.Build.0 = Release|Any CPU
		{A2303603-5642-42BA-B206-A9102B7ED981}.Ad-Hoc|iPhone.ActiveCfg = Release|Any CPU
		{A2303603-5642-42BA-B206-A9102B7ED981}.Ad-Hoc|iPhone.Build.0 = Release|Any CPU
		{A2303603-5642-42BA-B206-A9102B7ED981}.Ad-Hoc|iPhoneSimulator.ActiveCfg = Release|Any CPU
		{A2303603-5642-42BA-B206-A9102B7ED981}.Ad-Hoc|iPhoneSimulator.Build.0 = Release|Any CPU
		{A2303603-5642-42BA-B206-A9102B7ED981}.AppStore|Any CPU.ActiveCfg = Release|Any CPU
		{A2303603-5642-42BA-B206-A9102B7ED981}.AppStore|Any CPU.Build.0 = Release|Any CPU
		{A2303603-5642-42BA-B206-A9102B7ED981}.AppStore|iPhone.ActiveCfg = Release|Any CPU
		{A2303603-5642-42BA-B206-A9102B7ED981}.AppStore|iPhone.Build.0 = Release|Any CPU
		{A2303603-5642-42BA-B206-A9102B7ED981}.AppStore|iPhoneSimulator.ActiveCfg = Release|Any CPU
		{A2303603-5642-42BA-B206-A9102B7ED981}.AppStore|iPhoneSimulator.Build.0 = Release|Any CPU
		{A2303603-5642-42BA-B206-A9102B7ED981}.Debug|Any CPU.ActiveCfg = Debug|Any CPU
		{A2303603-5642-42BA-B206-A9102B7ED981}.Debug|Any CPU.Build.0 = Debug|Any CPU
		{A2303603-5642-42BA-B206-A9102B7ED981}.Debug|iPhone.ActiveCfg = Debug|Any CPU
		{A2303603-5642-42BA-B206-A9102B7ED981}.Debug|iPhone.Build.0 = Debug|Any CPU
		{A2303603-5642-42BA-B206-A9102B7ED981}.Debug|iPhoneSimulator.ActiveCfg = Debug|Any CPU
		{A2303603-5642-42BA-B206-A9102B7ED981}.Debug|iPhoneSimulator.Build.0 = Debug|Any CPU
		{A2303603-5642-42BA-B206-A9102B7ED981}.Release|Any CPU.ActiveCfg = Release|Any CPU
		{A2303603-5642-42BA-B206-A9102B7ED981}.Release|Any CPU.Build.0 = Release|Any CPU
		{A2303603-5642-42BA-B206-A9102B7ED981}.Release|iPhone.ActiveCfg = Release|Any CPU
		{A2303603-5642-42BA-B206-A9102B7ED981}.Release|iPhone.Build.0 = Release|Any CPU
		{A2303603-5642-42BA-B206-A9102B7ED981}.Release|iPhoneSimulator.ActiveCfg = Release|Any CPU
		{A2303603-5642-42BA-B206-A9102B7ED981}.Release|iPhoneSimulator.Build.0 = Release|Any CPU
	EndGlobalSection
	GlobalSection(SolutionProperties) = preSolution
		HideSolutionNode = FALSE
	EndGlobalSection
EndGlobal
